Microsoft Visual Studio Solution File, Format Version 12.00
# Visual Studio Version 17
VisualStudioVersion = 17.5.2.0
MinimumVisualStudioVersion = 10.0.40219.1
Project("{FAE04EC0-301F-11D3-BF4B-00C04F79EFBC}") = "SpaceAINetApp", "SpaceAINetApp\SpaceAINetApp.csproj", "{4F6158BF-8E67-653A-EA66-11621CE7FF1E}"
EndProject
Global
	GlobalSection(SolutionConfigurationPlatforms) = preSolution
		Debug|Any CPU = Debug|Any CPU
		Release|Any CPU = Release|Any CPU
	EndGlobalSection
	GlobalSection(ProjectConfigurationPlatforms) = postSolution
		{4F6158BF-8E67-653A-EA66-11621CE7FF1E}.Debug|Any CPU.ActiveCfg = Debug|Any CPU
		{4F6158BF-8E67-653A-EA66-11621CE7FF1E}.Debug|Any CPU.Build.0 = Debug|Any CPU
		{4F6158BF-8E67-653A-EA66-11621CE7FF1E}.Release|Any CPU.ActiveCfg = Release|Any CPU
		{4F6158BF-8E67-653A-EA66-11621CE7FF1E}.Release|Any CPU.Build.0 = Release|Any CPU
	EndGlobalSection
	GlobalSection(SolutionProperties) = preSolution
		HideSolutionNode = FALSE
	EndGlobalSection
	GlobalSection(ExtensibilityGlobals) = postSolution
		SolutionGuid = {5428D8B7-0E4D-46FA-8F87-61785C54F2CE}
	EndGlobalSection
EndGlobal
